
Microsoft Visual Studio Solution File, Format Version 12.00
# Visual Studio Version 16
VisualStudioVersion = 16.0.31410.223
MinimumVisualStudioVersion = 10.0.40219.1
Project("{FAE04EC0-301F-11D3-BF4B-00C04F79EFBC}") = "Behaviors.UWP", "Behaviors\Behaviors.UWP\Behaviors.UWP.csproj", "{84DDD0D6-1E86-4CDC-B654-3F87B06A7668}"
EndProject
Project("{FAE04EC0-301F-11D3-BF4B-00C04F79EFBC}") = "Behaviors.Android", "Behaviors\Behaviors.Android\Behaviors.Android.csproj", "{EAC6D339-317F-4C2D-BC0E-D9209719A817}"
EndProject
Project("{FAE04EC0-301F-11D3-BF4B-00C04F79EFBC}") = "Behaviors.iOS", "Behaviors\Behaviors.iOS\Behaviors.iOS.csproj", "{AB5F9ECA-332A-4349-94CF-E4B6A7D64CDE}"
EndProject
Project("{FAE04EC0-301F-11D3-BF4B-00C04F79EFBC}") = "Behaviors", "Behaviors\Behaviors\Behaviors.csproj", "{6415F414-07C7-4756-B1AA-D7D20AC351EB}"
EndProject
Global
	GlobalSection(SolutionConfigurationPlatforms) = preSolution
		Debug|Any CPU = Debug|Any CPU
		Debug|ARM = Debug|ARM
		Debug|iPhone = Debug|iPhone
		Debug|iPhoneSimulator = Debug|iPhoneSimulator
		Debug|x64 = Debug|x64
		Debug|x86 = Debug|x86
		Release|Any CPU = Release|Any CPU
		Release|ARM = Release|ARM
		Release|iPhone = Release|iPhone
		Release|iPhoneSimulator = Release|iPhoneSimulator
		Release|x64 = Release|x64
		Release|x86 = Release|x86
	EndGlobalSection
	GlobalSection(ProjectConfigurationPlatforms) = postSolution
		{84DDD0D6-1E86-4CDC-B654-3F87B06A7668}.Debug|Any CPU.ActiveCfg = Debug|x86
		{84DDD0D6-1E86-4CDC-B654-3F87B06A7668}.Debug|Any CPU.Build.0 = Debug|x86
		{84DDD0D6-1E86-4CDC-B654-3F87B06A7668}.Debug|Any CPU.Deploy.0 = Debug|x86
		{84DDD0D6-1E86-4CDC-B654-3F87B06A7668}.Debug|ARM.ActiveCfg = Debug|ARM
		{84DDD0D6-1E86-4CDC-B654-3F87B06A7668}.Debug|ARM.Build.0 = Debug|ARM
		{84DDD0D6-1E86-4CDC-B654-3F87B06A7668}.Debug|ARM.Deploy.0 = Debug|ARM
		{84DDD0D6-1E86-4CDC-B654-3F87B06A7668}.Debug|iPhone.ActiveCfg = Debug|x86
		{84DDD0D6-1E86-4CDC-B654-3F87B06A7668}.Debug|iPhone.Build.0 = Debug|x86
		{84DDD0D6-1E86-4CDC-B654-3F87B06A7668}.Debug|iPhone.Deploy.0 = Debug|x86
		{84DDD0D6-1E86-4CDC-B654-3F87B06A7668}.Debug|iPhoneSimulator.ActiveCfg = Debug|x86
		{84DDD0D6-1E86-4CDC-B654-3F87B06A7668}.Debug|iPhoneSimulator.Build.0 = Debug|x86
		{84DDD0D6-1E86-4CDC-B654-3F87B06A7668}.Debug|iPhoneSimulator.Deploy.0 = Debug|x86
		{84DDD0D6-1E86-4CDC-B654-3F87B06A7668}.Debug|x64.ActiveCfg = Debug|x64
		{84DDD0D6-1E86-4CDC-B654-3F87B06A7668}.Debug|x64.Build.0 = Debug|x64
		{84DDD0D6-1E86-4CDC-B654-3F87B06A7668}.Debug|x64.Deploy.0 = Debug|x64
		{84DDD0D6-1E86-4CDC-B654-3F87B06A7668}.Debug|x86.ActiveCfg = Debug|x86
		{84DDD0D6-1E86-4CDC-B654-3F87B06A7668}.Debug|x86.Build.0 = Debug|x86
		{84DDD0D6-1E86-4CDC-B654-3F87B06A7668}.Debug|x86.Deploy.0 = Debug|x86
		{84DDD0D6-1E86-4CDC-B654-3F87B06A7668}.Release|Any CPU.ActiveCfg = Release|x86
		{84DDD0D6-1E86-4CDC-B654-3F87B06A7668}.Release|Any CPU.Build.0 = Release|x86
		{84DDD0D6-1E86-4CDC-B654-3F87B06A7668}.Release|Any CPU.Deploy.0 = Release|x86
		{84DDD0D6-1E86-4CDC-B654-3F87B06A7668}.Release|ARM.ActiveCfg = Release|ARM
		{84DDD0D6-1E86-4CDC-B654-3F87B06A7668}.Release|ARM.Build.0 = Release|ARM
		{84DDD0D6-1E86-4CDC-B654-3F87B06A7668}.Release|ARM.Deploy.0 = Release|ARM
		{84DDD0D6-1E86-4CDC-B654-3F87B06A7668}.Release|iPhone.ActiveCfg = Release|x86
		{84DDD0D6-1E86-4CDC-B654-3F87B06A7668}.Release|iPhone.Build.0 = Release|x86
		{84DDD0D6-1E86-4CDC-B654-3F87B06A7668}.Release|iPhone.Deploy.0 = Release|x86
		{84DDD0D6-1E86-4CDC-B654-3F87B06A7668}.Release|iPhoneSimulator.ActiveCfg = Release|x86
		{84DDD0D6-1E86-4CDC-B654-3F87B06A7668}.Release|iPhoneSimulator.Build.0 = Release|x86
		{84DDD0D6-1E86-4CDC-B654-3F87B06A7668}.Release|iPhoneSimulator.Deploy.0 = Release|x86
		{84DDD0D6-1E86-4CDC-B654-3F87B06A7668}.Release|x64.ActiveCfg = Release|x64
		{84DDD0D6-1E86-4CDC-B654-3F87B06A7668}.Release|x64.Build.0 = Release|x64
		{84DDD0D6-1E86-4CDC-B654-3F87B06A7668}.Release|x64.Deploy.0 = Release|x64
		{84DDD0D6-1E86-4CDC-B654-3F87B06A7668}.Release|x86.ActiveCfg = Release|x86
		{84DDD0D6-1E86-4CDC-B654-3F87B06A7668}.Release|x86.Build.0 = Release|x86
		{84DDD0D6-1E86-4CDC-B654-3F87B06A7668}.Release|x86.Deploy.0 = Release|x86
		{EAC6D339-317F-4C2D-BC0E-D9209719A817}.Debug|Any CPU.ActiveCfg = Debug|Any CPU
		{EAC6D339-317F-4C2D-BC0E-D9209719A817}.Debug|Any CPU.Build.0 = Debug|Any CPU
		{EAC6D339-317F-4C2D-BC0E-D9209719A817}.Debug|Any CPU.Deploy.0 = Debug|Any CPU
		{EAC6D339-317F-4C2D-BC0E-D9209719A817}.Debug|ARM.ActiveCfg = Debug|Any CPU
		{EAC6D339-317F-4C2D-BC0E-D9209719A817}.Debug|ARM.Build.0 = Debug|Any CPU
		{EAC6D339-317F-4C2D-BC0E-D9209719A817}.Debug|ARM.Deploy.0 = Debug|Any CPU
		{EAC6D339-317F-4C2D-BC0E-D9209719A817}.Debug|iPhone.ActiveCfg = Debug|Any CPU
		{EAC6D339-317F-4C2D-BC0E-D9209719A817}.Debug|iPhone.Build.0 = Debug|Any CPU
		{EAC6D339-317F-4C2D-BC0E-D9209719A817}.Debug|iPhone.Deploy.0 = Debug|Any CPU
		{EAC6D339-317F-4C2D-BC0E-D9209719A817}.Debug|iPhoneSimulator.ActiveCfg = Debug|Any CPU
		{EAC6D339-317F-4C2D-BC0E-D9209719A817}.Debug|iPhoneSimulator.Build.0 = Debug|Any CPU
		{EAC6D339-317F-4C2D-BC0E-D9209719A817}.Debug|iPhoneSimulator.Deploy.0 = Debug|Any CPU
		{EAC6D339-317F-4C2D-BC0E-D9209719A817}.Debug|x64.ActiveCfg = Debug|Any CPU
		{EAC6D339-317F-4C2D-BC0E-D9209719A817}.Debug|x64.Build.0 = Debug|Any CPU
		{EAC6D339-317F-4C2D-BC0E-D9209719A817}.Debug|x64.Deploy.0 = Debug|Any CPU
		{EAC6D339-317F-4C2D-BC0E-D9209719A817}.Debug|x86.ActiveCfg = Debug|Any CPU
		{EAC6D339-317F-4C2D-BC0E-D9209719A817}.Debug|x86.Build.0 = Debug|Any CPU
		{EAC6D339-317F-4C2D-BC0E-D9209719A817}.Debug|x86.Deploy.0 = Debug|Any CPU
		{EAC6D339-317F-4C2D-BC0E-D9209719A817}.Release|Any CPU.ActiveCfg = Release|Any CPU
		{EAC6D339-317F-4C2D-BC0E-D9209719A817}.Release|Any CPU.Build.0 = Release|Any CPU
		{EAC6D339-317F-4C2D-BC0E-D9209719A817}.Release|Any CPU.Deploy.0 = Release|Any CPU
		{EAC6D339-317F-4C2D-BC0E-D9209719A817}.Release|ARM.ActiveCfg = Release|Any CPU
		{EAC6D339-317F-4C2D-BC0E-D9209719A817}.Release|ARM.Build.0 = Release|Any CPU
		{EAC6D339-317F-4C2D-BC0E-D9209719A817}.Release|ARM.Deploy.0 = Release|Any CPU
		{EAC6D339-317F-4C2D-BC0E-D9209719A817}.Release|iPhone.ActiveCfg = Release|Any CPU
		{EAC6D339-317F-4C2D-BC0E-D9209719A817}.Release|iPhone.Build.0 = Release|Any CPU
		{EAC6D339-317F-4C2D-BC0E-D9209719A817}.Release|iPhone.Deploy.0 = Release|Any CPU
		{EAC6D339-317F-4C2D-BC0E-D9209719A817}.Release|iPhoneSimulator.ActiveCfg = Release|Any CPU
		{EAC6D339-317F-4C2D-BC0E-D9209719A817}.Release|iPhoneSimulator.Build.0 = Release|Any CPU
		{EAC6D339-317F-4C2D-BC0E-D9209719A817}.Release|iPhoneSimulator.Deploy.0 = Release|Any CPU
		{EAC6D339-317F-4C2D-BC0E-D9209719A817}.Release|x64.ActiveCfg = Release|Any CPU
		{EAC6D339-317F-4C2D-BC0E-D9209719A817}.Release|x64.Build.0 = Release|Any CPU
		{EAC6D339-317F-4C2D-BC0E-D9209719A817}.Release|x64.Deploy.0 = Release|Any CPU
		{EAC6D339-317F-4C2D-BC0E-D9209719A817}.Release|x86.ActiveCfg = Release|Any CPU
		{EAC6D339-317F-4C2D-BC0E-D9209719A817}.Release|x86.Build.0 = Release|Any CPU
		{EAC6D339-317F-4C2D-BC0E-D9209719A817}.Release|x86.Deploy.0 = Release|Any CPU
		{AB5F9ECA-332A-4349-94CF-E4B6A7D64CDE}.Debug|Any CPU.ActiveCfg = Debug|iPhoneSimulator
		{AB5F9ECA-332A-4349-94CF-E4B6A7D64CDE}.Debug|Any CPU.Build.0 = Debug|iPhoneSimulator
		{AB5F9ECA-332A-4349-94CF-E4B6A7D64CDE}.Debug|Any CPU.Deploy.0 = Debug|iPhoneSimulator
		{AB5F9ECA-332A-4349-94CF-E4B6A7D64CDE}.Debug|ARM.ActiveCfg = Debug|iPhone
		{AB5F9ECA-332A-4349-94CF-E4B6A7D64CDE}.Debug|ARM.Build.0 = Debug|iPhone
		{AB5F9ECA-332A-4349-94CF-E4B6A7D64CDE}.Debug|ARM.Deploy.0 = Debug|iPhone
		{AB5F9ECA-332A-4349-94CF-E4B6A7D64CDE}.Debug|iPhone.ActiveCfg = Debug|iPhone
		{AB5F9ECA-332A-4349-94CF-E4B6A7D64CDE}.Debug|iPhone.Build.0 = Debug|iPhone
		{AB5F9ECA-332A-4349-94CF-E4B6A7D64CDE}.Debug|iPhone.Deploy.0 = Debug|iPhone
		{AB5F9ECA-332A-4349-94CF-E4B6A7D64CDE}.Debug|iPhoneSimulator.ActiveCfg = Debug|iPhoneSimulator
		{AB5F9ECA-332A-4349-94CF-E4B6A7D64CDE}.Debug|iPhoneSimulator.Build.0 = Debug|iPhoneSimulator
		{AB5F9ECA-332A-4349-94CF-E4B6A7D64CDE}.Debug|iPhoneSimulator.Deploy.0 = Debug|iPhoneSimulator
		{AB5F9ECA-332A-4349-94CF-E4B6A7D64CDE}.Debug|x64.ActiveCfg = Debug|iPhoneSimulator
		{AB5F9ECA-332A-4349-94CF-E4B6A7D64CDE}.Debug|x64.Build.0 = Debug|iPhoneSimulator
		{AB5F9ECA-332A-4349-94CF-E4B6A7D64CDE}.Debug|x64.Deploy.0 = Debug|iPhoneSimulator
		{AB5F9ECA-332A-4349-94CF-E4B6A7D64CDE}.Debug|x86.ActiveCfg = Debug|iPhoneSimulator
		{AB5F9ECA-332A-4349-94CF-E4B6A7D64CDE}.Debug|x86.Build.0 = Debug|iPhoneSimulator
		{AB5F9ECA-332A-4349-94CF-E4B6A7D64CDE}.Debug|x86.Deploy.0 = Debug|iPhoneSimulator
		{AB5F9ECA-332A-4349-94CF-E4B6A7D64CDE}.Release|Any CPU.ActiveCfg = Release|iPhoneSimulator
		{AB5F9ECA-332A-4349-94CF-E4B6A7D64CDE}.Release|Any CPU.Build.0 = Release|iPhoneSimulator
		{AB5F9ECA-332A-4349-94CF-E4B6A7D64CDE}.Release|Any CPU.Deploy.0 = Release|iPhoneSimulator
		{AB5F9ECA-332A-4349-94CF-E4B6A7D64CDE}.Release|ARM.ActiveCfg = Release|iPhoneSimulator
		{AB5F9ECA-332A-4349-94CF-E4B6A7D64CDE}.Release|ARM.Build.0 = Release|iPhoneSimulator
		{AB5F9ECA-332A-4349-94CF-E4B6A7D64CDE}.Release|ARM.Deploy.0 = Release|iPhoneSimulator
		{AB5F9ECA-332A-4349-94CF-E4B6A7D64CDE}.Release|iPhone.ActiveCfg = Release|iPhone
		{AB5F9ECA-332A-4349-94CF-E4B6A7D64CDE}.Release|iPhone.Build.0 = Release|iPhone
		{AB5F9ECA-332A-4349-94CF-E4B6A7D64CDE}.Release|iPhone.Deploy.0 = Release|iPhone
		{AB5F9ECA-332A-4349-94CF-E4B6A7D64CDE}.Release|iPhoneSimulator.ActiveCfg = Release|iPhoneSimulator
		{AB5F9ECA-332A-4349-94CF-E4B6A7D64CDE}.Release|iPhoneSimulator.Build.0 = Release|iPhoneSimulator
		{AB5F9ECA-332A-4349-94CF-E4B6A7D64CDE}.Release|iPhoneSimulator.Deploy.0 = Release|iPhoneSimulator
		{AB5F9ECA-332A-4349-94CF-E4B6A7D64CDE}.Release|x64.ActiveCfg = Release|iPhoneSimulator
		{AB5F9ECA-332A-4349-94CF-E4B6A7D64CDE}.Release|x64.Build.0 = Release|iPhoneSimulator
		{AB5F9ECA-332A-4349-94CF-E4B6A7D64CDE}.Release|x64.Deploy.0 = Release|iPhoneSimulator
		{AB5F9ECA-332A-4349-94CF-E4B6A7D64CDE}.Release|x86.ActiveCfg = Release|iPhoneSimulator
		{AB5F9ECA-332A-4349-94CF-E4B6A7D64CDE}.Release|x86.Build.0 = Release|iPhoneSimulator
		{AB5F9ECA-332A-4349-94CF-E4B6A7D64CDE}.Release|x86.Deploy.0 = Release|iPhoneSimulator
		{6415F414-07C7-4756-B1AA-D7D20AC351EB}.Debug|Any CPU.ActiveCfg = Debug|Any CPU
		{6415F414-07C7-4756-B1AA-D7D20AC351EB}.Debug|Any CPU.Build.0 = Debug|Any CPU
		{6415F414-07C7-4756-B1AA-D7D20AC351EB}.Debug|Any CPU.Deploy.0 = Debug|Any CPU
		{6415F414-07C7-4756-B1AA-D7D20AC351EB}.Debug|ARM.ActiveCfg = Debug|Any CPU
		{6415F414-07C7-4756-B1AA-D7D20AC351EB}.Debug|ARM.Build.0 = Debug|Any CPU
		{6415F414-07C7-4756-B1AA-D7D20AC351EB}.Debug|ARM.Deploy.0 = Debug|Any CPU
		{6415F414-07C7-4756-B1AA-D7D20AC351EB}.Debug|iPhone.ActiveCfg = Debug|Any CPU
		{6415F414-07C7-4756-B1AA-D7D20AC351EB}.Debug|iPhone.Build.0 = Debug|Any CPU
		{6415F414-07C7-4756-B1AA-D7D20AC351EB}.Debug|iPhone.Deploy.0 = Debug|Any CPU
		{6415F414-07C7-4756-B1AA-D7D20AC351EB}.Debug|iPhoneSimulator.ActiveCfg = Debug|Any CPU
		{6415F414-07C7-4756-B1AA-D7D20AC351EB}.Debug|iPhoneSimulator.Build.0 = Debug|Any CPU
		{6415F414-07C7-4756-B1AA-D7D20AC351EB}.Debug|iPhoneSimulator.Deploy.0 = Debug|Any CPU
		{6415F414-07C7-4756-B1AA-D7D20AC351EB}.Debug|x64.ActiveCfg = Debug|Any CPU
		{6415F414-07C7-4756-B1AA-D7D20AC351EB}.Debug|x64.Build.0 = Debug|Any CPU
		{6415F414-07C7-4756-B1AA-D7D20AC351EB}.Debug|x64.Deploy.0 = Debug|Any CPU
		{6415F414-07C7-4756-B1AA-D7D20AC351EB}.Debug|x86.ActiveCfg = Debug|Any CPU
		{6415F414-07C7-4756-B1AA-D7D20AC351EB}.Debug|x86.Build.0 = Debug|Any CPU
		{6415F414-07C7-4756-B1AA-D7D20AC351EB}.Debug|x86.Deploy.0 = Debug|Any CPU
		{6415F414-07C7-4756-B1AA-D7D20AC351EB}.Release|Any CPU.ActiveCfg = Release|Any CPU
		{6415F414-07C7-4756-B1AA-D7D20AC351EB}.Release|Any CPU.Build.0 = Release|Any CPU
		{6415F414-07C7-4756-B1AA-D7D20AC351EB}.Release|Any CPU.Deploy.0 = Release|Any CPU
		{6415F414-07C7-4756-B1AA-D7D20AC351EB}.Release|ARM.ActiveCfg = Release|Any CPU
		{6415F414-07C7-4756-B1AA-D7D20AC351EB}.Release|ARM.Build.0 = Release|Any CPU
		{6415F414-07C7-4756-B1AA-D7D20AC351EB}.Release|ARM.Deploy.0 = Release|Any CPU
		{6415F414-07C7-4756-B1AA-D7D20AC351EB}.Release|iPhone.ActiveCfg = Release|Any CPU
		{6415F414-07C7-4756-B1AA-D7D20AC351EB}.Release|iPhone.Build.0 = Release|Any CPU
		{6415F414-07C7-4756-B1AA-D7D20AC351EB}.Release|iPhone.Deploy.0 = Release|Any CPU
		{6415F414-07C7-4756-B1AA-D7D20AC351EB}.Release|iPhoneSimulator.ActiveCfg = Release|Any CPU
		{6415F414-07C7-4756-B1AA-D7D20AC351EB}.Release|iPhoneSimulator.Build.0 = Release|Any CPU
		{6415F414-07C7-4756-B1AA-D7D20AC351EB}.Release|iPhoneSimulator.Deploy.0 = Release|Any CPU
		{6415F414-07C7-4756-B1AA-D7D20AC351EB}.Release|x64.ActiveCfg = Release|Any CPU
		{6415F414-07C7-4756-B1AA-D7D20AC351EB}.Release|x64.Build.0 = Release|Any CPU
		{6415F414-07C7-4756-B1AA-D7D20AC351EB}.Release|x64.Deploy.0 = Release|Any CPU
		{6415F414-07C7-4756-B1AA-D7D20AC351EB}.Release|x86.ActiveCfg = Release|Any CPU
		{6415F414-07C7-4756-B1AA-D7D20AC351EB}.Release|x86.Build.0 = Release|Any CPU
		{6415F414-07C7-4756-B1AA-D7D20AC351EB}.Release|x86.Deploy.0 = Release|Any CPU
	EndGlobalSection
	GlobalSection(SolutionProperties) = preSolution
		HideSolutionNode = FALSE
	EndGlobalSection
	GlobalSection(ExtensibilityGlobals) = postSolution
		SolutionGuid = {75096342-01DF-4CF2-A270-AAE0245DAE80}
	EndGlobalSection
EndGlobal
