
Microsoft Visual Studio Solution File, Format Version 12.00
# Visual Studio Version 16
VisualStudioVersion = 16.0.31507.150
MinimumVisualStudioVersion = 10.0.40219.1
Project("{FAE04EC0-301F-11D3-BF4B-00C04F79EFBC}") = "Effects.UWP", "Effects\Effects.UWP\Effects.UWP.csproj", "{C4861243-7D6F-4AC6-B6FC-56F5BD45732C}"
EndProject
Project("{FAE04EC0-301F-11D3-BF4B-00C04F79EFBC}") = "Effects.Android", "Effects\Effects.Android\Effects.Android.csproj", "{E914C12F-39A4-42FA-90D4-4C091FE6B1D8}"
EndProject
Project("{FAE04EC0-301F-11D3-BF4B-00C04F79EFBC}") = "Effects.iOS", "Effects\Effects.iOS\Effects.iOS.csproj", "{0FBA5897-7AAC-4334-B63C-E31DBB068455}"
EndProject
Project("{FAE04EC0-301F-11D3-BF4B-00C04F79EFBC}") = "Effects", "Effects\Effects\Effects.csproj", "{AA7492E3-110B-4D09-9F70-1DA9EAD34795}"
EndProject
Global
	GlobalSection(SolutionConfigurationPlatforms) = preSolution
		Debug|Any CPU = Debug|Any CPU
		Debug|ARM = Debug|ARM
		Debug|iPhone = Debug|iPhone
		Debug|iPhoneSimulator = Debug|iPhoneSimulator
		Debug|x64 = Debug|x64
		Debug|x86 = Debug|x86
		Release|Any CPU = Release|Any CPU
		Release|ARM = Release|ARM
		Release|iPhone = Release|iPhone
		Release|iPhoneSimulator = Release|iPhoneSimulator
		Release|x64 = Release|x64
		Release|x86 = Release|x86
	EndGlobalSection
	GlobalSection(ProjectConfigurationPlatforms) = postSolution
		{C4861243-7D6F-4AC6-B6FC-56F5BD45732C}.Debug|Any CPU.ActiveCfg = Debug|x86
		{C4861243-7D6F-4AC6-B6FC-56F5BD45732C}.Debug|Any CPU.Build.0 = Debug|x86
		{C4861243-7D6F-4AC6-B6FC-56F5BD45732C}.Debug|Any CPU.Deploy.0 = Debug|x86
		{C4861243-7D6F-4AC6-B6FC-56F5BD45732C}.Debug|ARM.ActiveCfg = Debug|ARM
		{C4861243-7D6F-4AC6-B6FC-56F5BD45732C}.Debug|ARM.Build.0 = Debug|ARM
		{C4861243-7D6F-4AC6-B6FC-56F5BD45732C}.Debug|ARM.Deploy.0 = Debug|ARM
		{C4861243-7D6F-4AC6-B6FC-56F5BD45732C}.Debug|iPhone.ActiveCfg = Debug|x86
		{C4861243-7D6F-4AC6-B6FC-56F5BD45732C}.Debug|iPhone.Build.0 = Debug|x86
		{C4861243-7D6F-4AC6-B6FC-56F5BD45732C}.Debug|iPhone.Deploy.0 = Debug|x86
		{C4861243-7D6F-4AC6-B6FC-56F5BD45732C}.Debug|iPhoneSimulator.ActiveCfg = Debug|x86
		{C4861243-7D6F-4AC6-B6FC-56F5BD45732C}.Debug|iPhoneSimulator.Build.0 = Debug|x86
		{C4861243-7D6F-4AC6-B6FC-56F5BD45732C}.Debug|iPhoneSimulator.Deploy.0 = Debug|x86
		{C4861243-7D6F-4AC6-B6FC-56F5BD45732C}.Debug|x64.ActiveCfg = Debug|x64
		{C4861243-7D6F-4AC6-B6FC-56F5BD45732C}.Debug|x64.Build.0 = Debug|x64
		{C4861243-7D6F-4AC6-B6FC-56F5BD45732C}.Debug|x64.Deploy.0 = Debug|x64
		{C4861243-7D6F-4AC6-B6FC-56F5BD45732C}.Debug|x86.ActiveCfg = Debug|x86
		{C4861243-7D6F-4AC6-B6FC-56F5BD45732C}.Debug|x86.Build.0 = Debug|x86
		{C4861243-7D6F-4AC6-B6FC-56F5BD45732C}.Debug|x86.Deploy.0 = Debug|x86
		{C4861243-7D6F-4AC6-B6FC-56F5BD45732C}.Release|Any CPU.ActiveCfg = Release|x86
		{C4861243-7D6F-4AC6-B6FC-56F5BD45732C}.Release|Any CPU.Build.0 = Release|x86
		{C4861243-7D6F-4AC6-B6FC-56F5BD45732C}.Release|Any CPU.Deploy.0 = Release|x86
		{C4861243-7D6F-4AC6-B6FC-56F5BD45732C}.Release|ARM.ActiveCfg = Release|ARM
		{C4861243-7D6F-4AC6-B6FC-56F5BD45732C}.Release|ARM.Build.0 = Release|ARM
		{C4861243-7D6F-4AC6-B6FC-56F5BD45732C}.Release|ARM.Deploy.0 = Release|ARM
		{C4861243-7D6F-4AC6-B6FC-56F5BD45732C}.Release|iPhone.ActiveCfg = Release|x86
		{C4861243-7D6F-4AC6-B6FC-56F5BD45732C}.Release|iPhone.Build.0 = Release|x86
		{C4861243-7D6F-4AC6-B6FC-56F5BD45732C}.Release|iPhone.Deploy.0 = Release|x86
		{C4861243-7D6F-4AC6-B6FC-56F5BD45732C}.Release|iPhoneSimulator.ActiveCfg = Release|x86
		{C4861243-7D6F-4AC6-B6FC-56F5BD45732C}.Release|iPhoneSimulator.Build.0 = Release|x86
		{C4861243-7D6F-4AC6-B6FC-56F5BD45732C}.Release|iPhoneSimulator.Deploy.0 = Release|x86
		{C4861243-7D6F-4AC6-B6FC-56F5BD45732C}.Release|x64.ActiveCfg = Release|x64
		{C4861243-7D6F-4AC6-B6FC-56F5BD45732C}.Release|x64.Build.0 = Release|x64
		{C4861243-7D6F-4AC6-B6FC-56F5BD45732C}.Release|x64.Deploy.0 = Release|x64
		{C4861243-7D6F-4AC6-B6FC-56F5BD45732C}.Release|x86.ActiveCfg = Release|x86
		{C4861243-7D6F-4AC6-B6FC-56F5BD45732C}.Release|x86.Build.0 = Release|x86
		{C4861243-7D6F-4AC6-B6FC-56F5BD45732C}.Release|x86.Deploy.0 = Release|x86
		{E914C12F-39A4-42FA-90D4-4C091FE6B1D8}.Debug|Any CPU.ActiveCfg = Debug|Any CPU
		{E914C12F-39A4-42FA-90D4-4C091FE6B1D8}.Debug|Any CPU.Build.0 = Debug|Any CPU
		{E914C12F-39A4-42FA-90D4-4C091FE6B1D8}.Debug|Any CPU.Deploy.0 = Debug|Any CPU
		{E914C12F-39A4-42FA-90D4-4C091FE6B1D8}.Debug|ARM.ActiveCfg = Debug|Any CPU
		{E914C12F-39A4-42FA-90D4-4C091FE6B1D8}.Debug|ARM.Build.0 = Debug|Any CPU
		{E914C12F-39A4-42FA-90D4-4C091FE6B1D8}.Debug|ARM.Deploy.0 = Debug|Any CPU
		{E914C12F-39A4-42FA-90D4-4C091FE6B1D8}.Debug|iPhone.ActiveCfg = Debug|Any CPU
		{E914C12F-39A4-42FA-90D4-4C091FE6B1D8}.Debug|iPhone.Build.0 = Debug|Any CPU
		{E914C12F-39A4-42FA-90D4-4C091FE6B1D8}.Debug|iPhone.Deploy.0 = Debug|Any CPU
		{E914C12F-39A4-42FA-90D4-4C091FE6B1D8}.Debug|iPhoneSimulator.ActiveCfg = Debug|Any CPU
		{E914C12F-39A4-42FA-90D4-4C091FE6B1D8}.Debug|iPhoneSimulator.Build.0 = Debug|Any CPU
		{E914C12F-39A4-42FA-90D4-4C091FE6B1D8}.Debug|iPhoneSimulator.Deploy.0 = Debug|Any CPU
		{E914C12F-39A4-42FA-90D4-4C091FE6B1D8}.Debug|x64.ActiveCfg = Debug|Any CPU
		{E914C12F-39A4-42FA-90D4-4C091FE6B1D8}.Debug|x64.Build.0 = Debug|Any CPU
		{E914C12F-39A4-42FA-90D4-4C091FE6B1D8}.Debug|x64.Deploy.0 = Debug|Any CPU
		{E914C12F-39A4-42FA-90D4-4C091FE6B1D8}.Debug|x86.ActiveCfg = Debug|Any CPU
		{E914C12F-39A4-42FA-90D4-4C091FE6B1D8}.Debug|x86.Build.0 = Debug|Any CPU
		{E914C12F-39A4-42FA-90D4-4C091FE6B1D8}.Debug|x86.Deploy.0 = Debug|Any CPU
		{E914C12F-39A4-42FA-90D4-4C091FE6B1D8}.Release|Any CPU.ActiveCfg = Release|Any CPU
		{E914C12F-39A4-42FA-90D4-4C091FE6B1D8}.Release|Any CPU.Build.0 = Release|Any CPU
		{E914C12F-39A4-42FA-90D4-4C091FE6B1D8}.Release|Any CPU.Deploy.0 = Release|Any CPU
		{E914C12F-39A4-42FA-90D4-4C091FE6B1D8}.Release|ARM.ActiveCfg = Release|Any CPU
		{E914C12F-39A4-42FA-90D4-4C091FE6B1D8}.Release|ARM.Build.0 = Release|Any CPU
		{E914C12F-39A4-42FA-90D4-4C091FE6B1D8}.Release|ARM.Deploy.0 = Release|Any CPU
		{E914C12F-39A4-42FA-90D4-4C091FE6B1D8}.Release|iPhone.ActiveCfg = Release|Any CPU
		{E914C12F-39A4-42FA-90D4-4C091FE6B1D8}.Release|iPhone.Build.0 = Release|Any CPU
		{E914C12F-39A4-42FA-90D4-4C091FE6B1D8}.Release|iPhone.Deploy.0 = Release|Any CPU
		{E914C12F-39A4-42FA-90D4-4C091FE6B1D8}.Release|iPhoneSimulator.ActiveCfg = Release|Any CPU
		{E914C12F-39A4-42FA-90D4-4C091FE6B1D8}.Release|iPhoneSimulator.Build.0 = Release|Any CPU
		{E914C12F-39A4-42FA-90D4-4C091FE6B1D8}.Release|iPhoneSimulator.Deploy.0 = Release|Any CPU
		{E914C12F-39A4-42FA-90D4-4C091FE6B1D8}.Release|x64.ActiveCfg = Release|Any CPU
		{E914C12F-39A4-42FA-90D4-4C091FE6B1D8}.Release|x64.Build.0 = Release|Any CPU
		{E914C12F-39A4-42FA-90D4-4C091FE6B1D8}.Release|x64.Deploy.0 = Release|Any CPU
		{E914C12F-39A4-42FA-90D4-4C091FE6B1D8}.Release|x86.ActiveCfg = Release|Any CPU
		{E914C12F-39A4-42FA-90D4-4C091FE6B1D8}.Release|x86.Build.0 = Release|Any CPU
		{E914C12F-39A4-42FA-90D4-4C091FE6B1D8}.Release|x86.Deploy.0 = Release|Any CPU
		{0FBA5897-7AAC-4334-B63C-E31DBB068455}.Debug|Any CPU.ActiveCfg = Debug|iPhoneSimulator
		{0FBA5897-7AAC-4334-B63C-E31DBB068455}.Debug|Any CPU.Build.0 = Debug|iPhoneSimulator
		{0FBA5897-7AAC-4334-B63C-E31DBB068455}.Debug|Any CPU.Deploy.0 = Debug|iPhoneSimulator
		{0FBA5897-7AAC-4334-B63C-E31DBB068455}.Debug|ARM.ActiveCfg = Debug|iPhone
		{0FBA5897-7AAC-4334-B63C-E31DBB068455}.Debug|ARM.Build.0 = Debug|iPhone
		{0FBA5897-7AAC-4334-B63C-E31DBB068455}.Debug|ARM.Deploy.0 = Debug|iPhone
		{0FBA5897-7AAC-4334-B63C-E31DBB068455}.Debug|iPhone.ActiveCfg = Debug|iPhone
		{0FBA5897-7AAC-4334-B63C-E31DBB068455}.Debug|iPhone.Build.0 = Debug|iPhone
		{0FBA5897-7AAC-4334-B63C-E31DBB068455}.Debug|iPhone.Deploy.0 = Debug|iPhone
		{0FBA5897-7AAC-4334-B63C-E31DBB068455}.Debug|iPhoneSimulator.ActiveCfg = Debug|iPhoneSimulator
		{0FBA5897-7AAC-4334-B63C-E31DBB068455}.Debug|iPhoneSimulator.Build.0 = Debug|iPhoneSimulator
		{0FBA5897-7AAC-4334-B63C-E31DBB068455}.Debug|iPhoneSimulator.Deploy.0 = Debug|iPhoneSimulator
		{0FBA5897-7AAC-4334-B63C-E31DBB068455}.Debug|x64.ActiveCfg = Debug|iPhoneSimulator
		{0FBA5897-7AAC-4334-B63C-E31DBB068455}.Debug|x64.Build.0 = Debug|iPhoneSimulator
		{0FBA5897-7AAC-4334-B63C-E31DBB068455}.Debug|x64.Deploy.0 = Debug|iPhoneSimulator
		{0FBA5897-7AAC-4334-B63C-E31DBB068455}.Debug|x86.ActiveCfg = Debug|iPhoneSimulator
		{0FBA5897-7AAC-4334-B63C-E31DBB068455}.Debug|x86.Build.0 = Debug|iPhoneSimulator
		{0FBA5897-7AAC-4334-B63C-E31DBB068455}.Debug|x86.Deploy.0 = Debug|iPhoneSimulator
		{0FBA5897-7AAC-4334-B63C-E31DBB068455}.Release|Any CPU.ActiveCfg = Release|iPhoneSimulator
		{0FBA5897-7AAC-4334-B63C-E31DBB068455}.Release|Any CPU.Build.0 = Release|iPhoneSimulator
		{0FBA5897-7AAC-4334-B63C-E31DBB068455}.Release|Any CPU.Deploy.0 = Release|iPhoneSimulator
		{0FBA5897-7AAC-4334-B63C-E31DBB068455}.Release|ARM.ActiveCfg = Release|iPhoneSimulator
		{0FBA5897-7AAC-4334-B63C-E31DBB068455}.Release|ARM.Build.0 = Release|iPhoneSimulator
		{0FBA5897-7AAC-4334-B63C-E31DBB068455}.Release|ARM.Deploy.0 = Release|iPhoneSimulator
		{0FBA5897-7AAC-4334-B63C-E31DBB068455}.Release|iPhone.ActiveCfg = Release|iPhone
		{0FBA5897-7AAC-4334-B63C-E31DBB068455}.Release|iPhone.Build.0 = Release|iPhone
		{0FBA5897-7AAC-4334-B63C-E31DBB068455}.Release|iPhone.Deploy.0 = Release|iPhone
		{0FBA5897-7AAC-4334-B63C-E31DBB068455}.Release|iPhoneSimulator.ActiveCfg = Release|iPhoneSimulator
		{0FBA5897-7AAC-4334-B63C-E31DBB068455}.Release|iPhoneSimulator.Build.0 = Release|iPhoneSimulator
		{0FBA5897-7AAC-4334-B63C-E31DBB068455}.Release|iPhoneSimulator.Deploy.0 = Release|iPhoneSimulator
		{0FBA5897-7AAC-4334-B63C-E31DBB068455}.Release|x64.ActiveCfg = Release|iPhoneSimulator
		{0FBA5897-7AAC-4334-B63C-E31DBB068455}.Release|x64.Build.0 = Release|iPhoneSimulator
		{0FBA5897-7AAC-4334-B63C-E31DBB068455}.Release|x64.Deploy.0 = Release|iPhoneSimulator
		{0FBA5897-7AAC-4334-B63C-E31DBB068455}.Release|x86.ActiveCfg = Release|iPhoneSimulator
		{0FBA5897-7AAC-4334-B63C-E31DBB068455}.Release|x86.Build.0 = Release|iPhoneSimulator
		{0FBA5897-7AAC-4334-B63C-E31DBB068455}.Release|x86.Deploy.0 = Release|iPhoneSimulator
		{AA7492E3-110B-4D09-9F70-1DA9EAD34795}.Debug|Any CPU.ActiveCfg = Debug|Any CPU
		{AA7492E3-110B-4D09-9F70-1DA9EAD34795}.Debug|Any CPU.Build.0 = Debug|Any CPU
		{AA7492E3-110B-4D09-9F70-1DA9EAD34795}.Debug|Any CPU.Deploy.0 = Debug|Any CPU
		{AA7492E3-110B-4D09-9F70-1DA9EAD34795}.Debug|ARM.ActiveCfg = Debug|Any CPU
		{AA7492E3-110B-4D09-9F70-1DA9EAD34795}.Debug|ARM.Build.0 = Debug|Any CPU
		{AA7492E3-110B-4D09-9F70-1DA9EAD34795}.Debug|ARM.Deploy.0 = Debug|Any CPU
		{AA7492E3-110B-4D09-9F70-1DA9EAD34795}.Debug|iPhone.ActiveCfg = Debug|Any CPU
		{AA7492E3-110B-4D09-9F70-1DA9EAD34795}.Debug|iPhone.Build.0 = Debug|Any CPU
		{AA7492E3-110B-4D09-9F70-1DA9EAD34795}.Debug|iPhone.Deploy.0 = Debug|Any CPU
		{AA7492E3-110B-4D09-9F70-1DA9EAD34795}.Debug|iPhoneSimulator.ActiveCfg = Debug|Any CPU
		{AA7492E3-110B-4D09-9F70-1DA9EAD34795}.Debug|iPhoneSimulator.Build.0 = Debug|Any CPU
		{AA7492E3-110B-4D09-9F70-1DA9EAD34795}.Debug|iPhoneSimulator.Deploy.0 = Debug|Any CPU
		{AA7492E3-110B-4D09-9F70-1DA9EAD34795}.Debug|x64.ActiveCfg = Debug|Any CPU
		{AA7492E3-110B-4D09-9F70-1DA9EAD34795}.Debug|x64.Build.0 = Debug|Any CPU
		{AA7492E3-110B-4D09-9F70-1DA9EAD34795}.Debug|x64.Deploy.0 = Debug|Any CPU
		{AA7492E3-110B-4D09-9F70-1DA9EAD34795}.Debug|x86.ActiveCfg = Debug|Any CPU
		{AA7492E3-110B-4D09-9F70-1DA9EAD34795}.Debug|x86.Build.0 = Debug|Any CPU
		{AA7492E3-110B-4D09-9F70-1DA9EAD34795}.Debug|x86.Deploy.0 = Debug|Any CPU
		{AA7492E3-110B-4D09-9F70-1DA9EAD34795}.Release|Any CPU.ActiveCfg = Release|Any CPU
		{AA7492E3-110B-4D09-9F70-1DA9EAD34795}.Release|Any CPU.Build.0 = Release|Any CPU
		{AA7492E3-110B-4D09-9F70-1DA9EAD34795}.Release|Any CPU.Deploy.0 = Release|Any CPU
		{AA7492E3-110B-4D09-9F70-1DA9EAD34795}.Release|ARM.ActiveCfg = Release|Any CPU
		{AA7492E3-110B-4D09-9F70-1DA9EAD34795}.Release|ARM.Build.0 = Release|Any CPU
		{AA7492E3-110B-4D09-9F70-1DA9EAD34795}.Release|ARM.Deploy.0 = Release|Any CPU
		{AA7492E3-110B-4D09-9F70-1DA9EAD34795}.Release|iPhone.ActiveCfg = Release|Any CPU
		{AA7492E3-110B-4D09-9F70-1DA9EAD34795}.Release|iPhone.Build.0 = Release|Any CPU
		{AA7492E3-110B-4D09-9F70-1DA9EAD34795}.Release|iPhone.Deploy.0 = Release|Any CPU
		{AA7492E3-110B-4D09-9F70-1DA9EAD34795}.Release|iPhoneSimulator.ActiveCfg = Release|Any CPU
		{AA7492E3-110B-4D09-9F70-1DA9EAD34795}.Release|iPhoneSimulator.Build.0 = Release|Any CPU
		{AA7492E3-110B-4D09-9F70-1DA9EAD34795}.Release|iPhoneSimulator.Deploy.0 = Release|Any CPU
		{AA7492E3-110B-4D09-9F70-1DA9EAD34795}.Release|x64.ActiveCfg = Release|Any CPU
		{AA7492E3-110B-4D09-9F70-1DA9EAD34795}.Release|x64.Build.0 = Release|Any CPU
		{AA7492E3-110B-4D09-9F70-1DA9EAD34795}.Release|x64.Deploy.0 = Release|Any CPU
		{AA7492E3-110B-4D09-9F70-1DA9EAD34795}.Release|x86.ActiveCfg = Release|Any CPU
		{AA7492E3-110B-4D09-9F70-1DA9EAD34795}.Release|x86.Build.0 = Release|Any CPU
		{AA7492E3-110B-4D09-9F70-1DA9EAD34795}.Release|x86.Deploy.0 = Release|Any CPU
	EndGlobalSection
	GlobalSection(SolutionProperties) = preSolution
		HideSolutionNode = FALSE
	EndGlobalSection
	GlobalSection(ExtensibilityGlobals) = postSolution
		SolutionGuid = {9F6E232D-0D56-4A49-8851-ED298E1BB18E}
	EndGlobalSection
EndGlobal
