
Microsoft Visual Studio Solution File, Format Version 12.00
# Visual Studio Version 16
VisualStudioVersion = 16.0.31220.234
MinimumVisualStudioVersion = 10.0.40219.1
Project("{9A19103F-16F7-4668-BE54-9A1E7A4F7556}") = "Effects", "Effects\Effects\Effects.csproj", "{EB524249-58DC-47CA-9871-E4E1A03C66EA}"
EndProject
Project("{9A19103F-16F7-4668-BE54-9A1E7A4F7556}") = "Effects.WinUI", "Effects\Effects.WinUI\Effects.WinUI.csproj", "{97AB9608-FCF9-479D-9BF9-B1EFA2ADB698}"
EndProject
Global
	GlobalSection(SolutionConfigurationPlatforms) = preSolution
		Debug|Any CPU = Debug|Any CPU
		Release|Any CPU = Release|Any CPU
	EndGlobalSection
	GlobalSection(ProjectConfigurationPlatforms) = postSolution
		{EB524249-58DC-47CA-9871-E4E1A03C66EA}.Debug|Any CPU.ActiveCfg = Debug|Any CPU
		{EB524249-58DC-47CA-9871-E4E1A03C66EA}.Debug|Any CPU.Build.0 = Debug|Any CPU
		{EB524249-58DC-47CA-9871-E4E1A03C66EA}.Debug|Any CPU.Deploy.0 = Debug|Any CPU
		{EB524249-58DC-47CA-9871-E4E1A03C66EA}.Release|Any CPU.ActiveCfg = Release|Any CPU
		{EB524249-58DC-47CA-9871-E4E1A03C66EA}.Release|Any CPU.Build.0 = Release|Any CPU
		{EB524249-58DC-47CA-9871-E4E1A03C66EA}.Release|Any CPU.Deploy.0 = Release|Any CPU
		{97AB9608-FCF9-479D-9BF9-B1EFA2ADB698}.Debug|Any CPU.ActiveCfg = Debug|Any CPU
		{97AB9608-FCF9-479D-9BF9-B1EFA2ADB698}.Debug|Any CPU.Build.0 = Debug|Any CPU
		{97AB9608-FCF9-479D-9BF9-B1EFA2ADB698}.Debug|Any CPU.Deploy.0 = Debug|Any CPU
		{97AB9608-FCF9-479D-9BF9-B1EFA2ADB698}.Release|Any CPU.ActiveCfg = Release|Any CPU
		{97AB9608-FCF9-479D-9BF9-B1EFA2ADB698}.Release|Any CPU.Build.0 = Release|Any CPU
		{97AB9608-FCF9-479D-9BF9-B1EFA2ADB698}.Release|Any CPU.Deploy.0 = Release|Any CPU
	EndGlobalSection
	GlobalSection(SolutionProperties) = preSolution
		HideSolutionNode = FALSE
	EndGlobalSection
	GlobalSection(ExtensibilityGlobals) = postSolution
		SolutionGuid = {61F7FB11-1E47-470C-91E2-47F8143E1572}
	EndGlobalSection
EndGlobal
