
Microsoft Visual Studio Solution File, Format Version 12.00
# Visual Studio Version 16
VisualStudioVersion = 16.0.31410.223
MinimumVisualStudioVersion = 10.0.40219.1
Project("{FAE04EC0-301F-11D3-BF4B-00C04F79EFBC}") = "Triggers.UWP", "Triggers\Triggers.UWP\Triggers.UWP.csproj", "{1D77D6E8-6D61-4197-8154-D9FEC78189E7}"
EndProject
Project("{FAE04EC0-301F-11D3-BF4B-00C04F79EFBC}") = "Triggers.Android", "Triggers\Triggers.Android\Triggers.Android.csproj", "{04545000-7719-4C73-9058-7F9A457C26E0}"
EndProject
Project("{FAE04EC0-301F-11D3-BF4B-00C04F79EFBC}") = "Triggers.iOS", "Triggers\Triggers.iOS\Triggers.iOS.csproj", "{6ACC61E8-E0F0-4684-BF57-E51E7B611627}"
EndProject
Project("{FAE04EC0-301F-11D3-BF4B-00C04F79EFBC}") = "Triggers", "Triggers\Triggers\Triggers.csproj", "{4FED5CA5-B228-45C1-9B1D-489261A7C782}"
EndProject
Global
	GlobalSection(SolutionConfigurationPlatforms) = preSolution
		Debug|Any CPU = Debug|Any CPU
		Debug|ARM = Debug|ARM
		Debug|iPhone = Debug|iPhone
		Debug|iPhoneSimulator = Debug|iPhoneSimulator
		Debug|x64 = Debug|x64
		Debug|x86 = Debug|x86
		Release|Any CPU = Release|Any CPU
		Release|ARM = Release|ARM
		Release|iPhone = Release|iPhone
		Release|iPhoneSimulator = Release|iPhoneSimulator
		Release|x64 = Release|x64
		Release|x86 = Release|x86
	EndGlobalSection
	GlobalSection(ProjectConfigurationPlatforms) = postSolution
		{1D77D6E8-6D61-4197-8154-D9FEC78189E7}.Debug|Any CPU.ActiveCfg = Debug|x86
		{1D77D6E8-6D61-4197-8154-D9FEC78189E7}.Debug|Any CPU.Build.0 = Debug|x86
		{1D77D6E8-6D61-4197-8154-D9FEC78189E7}.Debug|Any CPU.Deploy.0 = Debug|x86
		{1D77D6E8-6D61-4197-8154-D9FEC78189E7}.Debug|ARM.ActiveCfg = Debug|ARM
		{1D77D6E8-6D61-4197-8154-D9FEC78189E7}.Debug|ARM.Build.0 = Debug|ARM
		{1D77D6E8-6D61-4197-8154-D9FEC78189E7}.Debug|ARM.Deploy.0 = Debug|ARM
		{1D77D6E8-6D61-4197-8154-D9FEC78189E7}.Debug|iPhone.ActiveCfg = Debug|x86
		{1D77D6E8-6D61-4197-8154-D9FEC78189E7}.Debug|iPhone.Build.0 = Debug|x86
		{1D77D6E8-6D61-4197-8154-D9FEC78189E7}.Debug|iPhone.Deploy.0 = Debug|x86
		{1D77D6E8-6D61-4197-8154-D9FEC78189E7}.Debug|iPhoneSimulator.ActiveCfg = Debug|x86
		{1D77D6E8-6D61-4197-8154-D9FEC78189E7}.Debug|iPhoneSimulator.Build.0 = Debug|x86
		{1D77D6E8-6D61-4197-8154-D9FEC78189E7}.Debug|iPhoneSimulator.Deploy.0 = Debug|x86
		{1D77D6E8-6D61-4197-8154-D9FEC78189E7}.Debug|x64.ActiveCfg = Debug|x64
		{1D77D6E8-6D61-4197-8154-D9FEC78189E7}.Debug|x64.Build.0 = Debug|x64
		{1D77D6E8-6D61-4197-8154-D9FEC78189E7}.Debug|x64.Deploy.0 = Debug|x64
		{1D77D6E8-6D61-4197-8154-D9FEC78189E7}.Debug|x86.ActiveCfg = Debug|x86
		{1D77D6E8-6D61-4197-8154-D9FEC78189E7}.Debug|x86.Build.0 = Debug|x86
		{1D77D6E8-6D61-4197-8154-D9FEC78189E7}.Debug|x86.Deploy.0 = Debug|x86
		{1D77D6E8-6D61-4197-8154-D9FEC78189E7}.Release|Any CPU.ActiveCfg = Release|x86
		{1D77D6E8-6D61-4197-8154-D9FEC78189E7}.Release|Any CPU.Build.0 = Release|x86
		{1D77D6E8-6D61-4197-8154-D9FEC78189E7}.Release|Any CPU.Deploy.0 = Release|x86
		{1D77D6E8-6D61-4197-8154-D9FEC78189E7}.Release|ARM.ActiveCfg = Release|ARM
		{1D77D6E8-6D61-4197-8154-D9FEC78189E7}.Release|ARM.Build.0 = Release|ARM
		{1D77D6E8-6D61-4197-8154-D9FEC78189E7}.Release|ARM.Deploy.0 = Release|ARM
		{1D77D6E8-6D61-4197-8154-D9FEC78189E7}.Release|iPhone.ActiveCfg = Release|x86
		{1D77D6E8-6D61-4197-8154-D9FEC78189E7}.Release|iPhone.Build.0 = Release|x86
		{1D77D6E8-6D61-4197-8154-D9FEC78189E7}.Release|iPhone.Deploy.0 = Release|x86
		{1D77D6E8-6D61-4197-8154-D9FEC78189E7}.Release|iPhoneSimulator.ActiveCfg = Release|x86
		{1D77D6E8-6D61-4197-8154-D9FEC78189E7}.Release|iPhoneSimulator.Build.0 = Release|x86
		{1D77D6E8-6D61-4197-8154-D9FEC78189E7}.Release|iPhoneSimulator.Deploy.0 = Release|x86
		{1D77D6E8-6D61-4197-8154-D9FEC78189E7}.Release|x64.ActiveCfg = Release|x64
		{1D77D6E8-6D61-4197-8154-D9FEC78189E7}.Release|x64.Build.0 = Release|x64
		{1D77D6E8-6D61-4197-8154-D9FEC78189E7}.Release|x64.Deploy.0 = Release|x64
		{1D77D6E8-6D61-4197-8154-D9FEC78189E7}.Release|x86.ActiveCfg = Release|x86
		{1D77D6E8-6D61-4197-8154-D9FEC78189E7}.Release|x86.Build.0 = Release|x86
		{1D77D6E8-6D61-4197-8154-D9FEC78189E7}.Release|x86.Deploy.0 = Release|x86
		{04545000-7719-4C73-9058-7F9A457C26E0}.Debug|Any CPU.ActiveCfg = Debug|Any CPU
		{04545000-7719-4C73-9058-7F9A457C26E0}.Debug|Any CPU.Build.0 = Debug|Any CPU
		{04545000-7719-4C73-9058-7F9A457C26E0}.Debug|Any CPU.Deploy.0 = Debug|Any CPU
		{04545000-7719-4C73-9058-7F9A457C26E0}.Debug|ARM.ActiveCfg = Debug|Any CPU
		{04545000-7719-4C73-9058-7F9A457C26E0}.Debug|ARM.Build.0 = Debug|Any CPU
		{04545000-7719-4C73-9058-7F9A457C26E0}.Debug|ARM.Deploy.0 = Debug|Any CPU
		{04545000-7719-4C73-9058-7F9A457C26E0}.Debug|iPhone.ActiveCfg = Debug|Any CPU
		{04545000-7719-4C73-9058-7F9A457C26E0}.Debug|iPhone.Build.0 = Debug|Any CPU
		{04545000-7719-4C73-9058-7F9A457C26E0}.Debug|iPhone.Deploy.0 = Debug|Any CPU
		{04545000-7719-4C73-9058-7F9A457C26E0}.Debug|iPhoneSimulator.ActiveCfg = Debug|Any CPU
		{04545000-7719-4C73-9058-7F9A457C26E0}.Debug|iPhoneSimulator.Build.0 = Debug|Any CPU
		{04545000-7719-4C73-9058-7F9A457C26E0}.Debug|iPhoneSimulator.Deploy.0 = Debug|Any CPU
		{04545000-7719-4C73-9058-7F9A457C26E0}.Debug|x64.ActiveCfg = Debug|Any CPU
		{04545000-7719-4C73-9058-7F9A457C26E0}.Debug|x64.Build.0 = Debug|Any CPU
		{04545000-7719-4C73-9058-7F9A457C26E0}.Debug|x64.Deploy.0 = Debug|Any CPU
		{04545000-7719-4C73-9058-7F9A457C26E0}.Debug|x86.ActiveCfg = Debug|Any CPU
		{04545000-7719-4C73-9058-7F9A457C26E0}.Debug|x86.Build.0 = Debug|Any CPU
		{04545000-7719-4C73-9058-7F9A457C26E0}.Debug|x86.Deploy.0 = Debug|Any CPU
		{04545000-7719-4C73-9058-7F9A457C26E0}.Release|Any CPU.ActiveCfg = Release|Any CPU
		{04545000-7719-4C73-9058-7F9A457C26E0}.Release|Any CPU.Build.0 = Release|Any CPU
		{04545000-7719-4C73-9058-7F9A457C26E0}.Release|Any CPU.Deploy.0 = Release|Any CPU
		{04545000-7719-4C73-9058-7F9A457C26E0}.Release|ARM.ActiveCfg = Release|Any CPU
		{04545000-7719-4C73-9058-7F9A457C26E0}.Release|ARM.Build.0 = Release|Any CPU
		{04545000-7719-4C73-9058-7F9A457C26E0}.Release|ARM.Deploy.0 = Release|Any CPU
		{04545000-7719-4C73-9058-7F9A457C26E0}.Release|iPhone.ActiveCfg = Release|Any CPU
		{04545000-7719-4C73-9058-7F9A457C26E0}.Release|iPhone.Build.0 = Release|Any CPU
		{04545000-7719-4C73-9058-7F9A457C26E0}.Release|iPhone.Deploy.0 = Release|Any CPU
		{04545000-7719-4C73-9058-7F9A457C26E0}.Release|iPhoneSimulator.ActiveCfg = Release|Any CPU
		{04545000-7719-4C73-9058-7F9A457C26E0}.Release|iPhoneSimulator.Build.0 = Release|Any CPU
		{04545000-7719-4C73-9058-7F9A457C26E0}.Release|iPhoneSimulator.Deploy.0 = Release|Any CPU
		{04545000-7719-4C73-9058-7F9A457C26E0}.Release|x64.ActiveCfg = Release|Any CPU
		{04545000-7719-4C73-9058-7F9A457C26E0}.Release|x64.Build.0 = Release|Any CPU
		{04545000-7719-4C73-9058-7F9A457C26E0}.Release|x64.Deploy.0 = Release|Any CPU
		{04545000-7719-4C73-9058-7F9A457C26E0}.Release|x86.ActiveCfg = Release|Any CPU
		{04545000-7719-4C73-9058-7F9A457C26E0}.Release|x86.Build.0 = Release|Any CPU
		{04545000-7719-4C73-9058-7F9A457C26E0}.Release|x86.Deploy.0 = Release|Any CPU
		{6ACC61E8-E0F0-4684-BF57-E51E7B611627}.Debug|Any CPU.ActiveCfg = Debug|iPhoneSimulator
		{6ACC61E8-E0F0-4684-BF57-E51E7B611627}.Debug|Any CPU.Build.0 = Debug|iPhoneSimulator
		{6ACC61E8-E0F0-4684-BF57-E51E7B611627}.Debug|Any CPU.Deploy.0 = Debug|iPhoneSimulator
		{6ACC61E8-E0F0-4684-BF57-E51E7B611627}.Debug|ARM.ActiveCfg = Debug|iPhone
		{6ACC61E8-E0F0-4684-BF57-E51E7B611627}.Debug|ARM.Build.0 = Debug|iPhone
		{6ACC61E8-E0F0-4684-BF57-E51E7B611627}.Debug|ARM.Deploy.0 = Debug|iPhone
		{6ACC61E8-E0F0-4684-BF57-E51E7B611627}.Debug|iPhone.ActiveCfg = Debug|iPhone
		{6ACC61E8-E0F0-4684-BF57-E51E7B611627}.Debug|iPhone.Build.0 = Debug|iPhone
		{6ACC61E8-E0F0-4684-BF57-E51E7B611627}.Debug|iPhone.Deploy.0 = Debug|iPhone
		{6ACC61E8-E0F0-4684-BF57-E51E7B611627}.Debug|iPhoneSimulator.ActiveCfg = Debug|iPhoneSimulator
		{6ACC61E8-E0F0-4684-BF57-E51E7B611627}.Debug|iPhoneSimulator.Build.0 = Debug|iPhoneSimulator
		{6ACC61E8-E0F0-4684-BF57-E51E7B611627}.Debug|iPhoneSimulator.Deploy.0 = Debug|iPhoneSimulator
		{6ACC61E8-E0F0-4684-BF57-E51E7B611627}.Debug|x64.ActiveCfg = Debug|iPhoneSimulator
		{6ACC61E8-E0F0-4684-BF57-E51E7B611627}.Debug|x64.Build.0 = Debug|iPhoneSimulator
		{6ACC61E8-E0F0-4684-BF57-E51E7B611627}.Debug|x64.Deploy.0 = Debug|iPhoneSimulator
		{6ACC61E8-E0F0-4684-BF57-E51E7B611627}.Debug|x86.ActiveCfg = Debug|iPhoneSimulator
		{6ACC61E8-E0F0-4684-BF57-E51E7B611627}.Debug|x86.Build.0 = Debug|iPhoneSimulator
		{6ACC61E8-E0F0-4684-BF57-E51E7B611627}.Debug|x86.Deploy.0 = Debug|iPhoneSimulator
		{6ACC61E8-E0F0-4684-BF57-E51E7B611627}.Release|Any CPU.ActiveCfg = Release|iPhoneSimulator
		{6ACC61E8-E0F0-4684-BF57-E51E7B611627}.Release|Any CPU.Build.0 = Release|iPhoneSimulator
		{6ACC61E8-E0F0-4684-BF57-E51E7B611627}.Release|Any CPU.Deploy.0 = Release|iPhoneSimulator
		{6ACC61E8-E0F0-4684-BF57-E51E7B611627}.Release|ARM.ActiveCfg = Release|iPhoneSimulator
		{6ACC61E8-E0F0-4684-BF57-E51E7B611627}.Release|ARM.Build.0 = Release|iPhoneSimulator
		{6ACC61E8-E0F0-4684-BF57-E51E7B611627}.Release|ARM.Deploy.0 = Release|iPhoneSimulator
		{6ACC61E8-E0F0-4684-BF57-E51E7B611627}.Release|iPhone.ActiveCfg = Release|iPhone
		{6ACC61E8-E0F0-4684-BF57-E51E7B611627}.Release|iPhone.Build.0 = Release|iPhone
		{6ACC61E8-E0F0-4684-BF57-E51E7B611627}.Release|iPhone.Deploy.0 = Release|iPhone
		{6ACC61E8-E0F0-4684-BF57-E51E7B611627}.Release|iPhoneSimulator.ActiveCfg = Release|iPhoneSimulator
		{6ACC61E8-E0F0-4684-BF57-E51E7B611627}.Release|iPhoneSimulator.Build.0 = Release|iPhoneSimulator
		{6ACC61E8-E0F0-4684-BF57-E51E7B611627}.Release|iPhoneSimulator.Deploy.0 = Release|iPhoneSimulator
		{6ACC61E8-E0F0-4684-BF57-E51E7B611627}.Release|x64.ActiveCfg = Release|iPhoneSimulator
		{6ACC61E8-E0F0-4684-BF57-E51E7B611627}.Release|x64.Build.0 = Release|iPhoneSimulator
		{6ACC61E8-E0F0-4684-BF57-E51E7B611627}.Release|x64.Deploy.0 = Release|iPhoneSimulator
		{6ACC61E8-E0F0-4684-BF57-E51E7B611627}.Release|x86.ActiveCfg = Release|iPhoneSimulator
		{6ACC61E8-E0F0-4684-BF57-E51E7B611627}.Release|x86.Build.0 = Release|iPhoneSimulator
		{6ACC61E8-E0F0-4684-BF57-E51E7B611627}.Release|x86.Deploy.0 = Release|iPhoneSimulator
		{4FED5CA5-B228-45C1-9B1D-489261A7C782}.Debug|Any CPU.ActiveCfg = Debug|Any CPU
		{4FED5CA5-B228-45C1-9B1D-489261A7C782}.Debug|Any CPU.Build.0 = Debug|Any CPU
		{4FED5CA5-B228-45C1-9B1D-489261A7C782}.Debug|Any CPU.Deploy.0 = Debug|Any CPU
		{4FED5CA5-B228-45C1-9B1D-489261A7C782}.Debug|ARM.ActiveCfg = Debug|Any CPU
		{4FED5CA5-B228-45C1-9B1D-489261A7C782}.Debug|ARM.Build.0 = Debug|Any CPU
		{4FED5CA5-B228-45C1-9B1D-489261A7C782}.Debug|ARM.Deploy.0 = Debug|Any CPU
		{4FED5CA5-B228-45C1-9B1D-489261A7C782}.Debug|iPhone.ActiveCfg = Debug|Any CPU
		{4FED5CA5-B228-45C1-9B1D-489261A7C782}.Debug|iPhone.Build.0 = Debug|Any CPU
		{4FED5CA5-B228-45C1-9B1D-489261A7C782}.Debug|iPhone.Deploy.0 = Debug|Any CPU
		{4FED5CA5-B228-45C1-9B1D-489261A7C782}.Debug|iPhoneSimulator.ActiveCfg = Debug|Any CPU
		{4FED5CA5-B228-45C1-9B1D-489261A7C782}.Debug|iPhoneSimulator.Build.0 = Debug|Any CPU
		{4FED5CA5-B228-45C1-9B1D-489261A7C782}.Debug|iPhoneSimulator.Deploy.0 = Debug|Any CPU
		{4FED5CA5-B228-45C1-9B1D-489261A7C782}.Debug|x64.ActiveCfg = Debug|Any CPU
		{4FED5CA5-B228-45C1-9B1D-489261A7C782}.Debug|x64.Build.0 = Debug|Any CPU
		{4FED5CA5-B228-45C1-9B1D-489261A7C782}.Debug|x64.Deploy.0 = Debug|Any CPU
		{4FED5CA5-B228-45C1-9B1D-489261A7C782}.Debug|x86.ActiveCfg = Debug|Any CPU
		{4FED5CA5-B228-45C1-9B1D-489261A7C782}.Debug|x86.Build.0 = Debug|Any CPU
		{4FED5CA5-B228-45C1-9B1D-489261A7C782}.Debug|x86.Deploy.0 = Debug|Any CPU
		{4FED5CA5-B228-45C1-9B1D-489261A7C782}.Release|Any CPU.ActiveCfg = Release|Any CPU
		{4FED5CA5-B228-45C1-9B1D-489261A7C782}.Release|Any CPU.Build.0 = Release|Any CPU
		{4FED5CA5-B228-45C1-9B1D-489261A7C782}.Release|Any CPU.Deploy.0 = Release|Any CPU
		{4FED5CA5-B228-45C1-9B1D-489261A7C782}.Release|ARM.ActiveCfg = Release|Any CPU
		{4FED5CA5-B228-45C1-9B1D-489261A7C782}.Release|ARM.Build.0 = Release|Any CPU
		{4FED5CA5-B228-45C1-9B1D-489261A7C782}.Release|ARM.Deploy.0 = Release|Any CPU
		{4FED5CA5-B228-45C1-9B1D-489261A7C782}.Release|iPhone.ActiveCfg = Release|Any CPU
		{4FED5CA5-B228-45C1-9B1D-489261A7C782}.Release|iPhone.Build.0 = Release|Any CPU
		{4FED5CA5-B228-45C1-9B1D-489261A7C782}.Release|iPhone.Deploy.0 = Release|Any CPU
		{4FED5CA5-B228-45C1-9B1D-489261A7C782}.Release|iPhoneSimulator.ActiveCfg = Release|Any CPU
		{4FED5CA5-B228-45C1-9B1D-489261A7C782}.Release|iPhoneSimulator.Build.0 = Release|Any CPU
		{4FED5CA5-B228-45C1-9B1D-489261A7C782}.Release|iPhoneSimulator.Deploy.0 = Release|Any CPU
		{4FED5CA5-B228-45C1-9B1D-489261A7C782}.Release|x64.ActiveCfg = Release|Any CPU
		{4FED5CA5-B228-45C1-9B1D-489261A7C782}.Release|x64.Build.0 = Release|Any CPU
		{4FED5CA5-B228-45C1-9B1D-489261A7C782}.Release|x64.Deploy.0 = Release|Any CPU
		{4FED5CA5-B228-45C1-9B1D-489261A7C782}.Release|x86.ActiveCfg = Release|Any CPU
		{4FED5CA5-B228-45C1-9B1D-489261A7C782}.Release|x86.Build.0 = Release|Any CPU
		{4FED5CA5-B228-45C1-9B1D-489261A7C782}.Release|x86.Deploy.0 = Release|Any CPU
	EndGlobalSection
	GlobalSection(SolutionProperties) = preSolution
		HideSolutionNode = FALSE
	EndGlobalSection
	GlobalSection(ExtensibilityGlobals) = postSolution
		SolutionGuid = {ED1AF2E1-3EC4-4450-BF2A-8977E68E363B}
	EndGlobalSection
EndGlobal
