
Microsoft Visual Studio Solution File, Format Version 12.00
# Visual Studio Version 16
VisualStudioVersion = 16.0.31410.223
MinimumVisualStudioVersion = 10.0.40219.1
Project("{FAE04EC0-301F-11D3-BF4B-00C04F79EFBC}") = "CustomRenderers.UWP", "CustomRenderers\CustomRenderers.UWP\CustomRenderers.UWP.csproj", "{6F01F3EE-793A-4707-9564-981AE79219F6}"
EndProject
Project("{FAE04EC0-301F-11D3-BF4B-00C04F79EFBC}") = "CustomRenderers.Android", "CustomRenderers\CustomRenderers.Android\CustomRenderers.Android.csproj", "{E5D12EFF-5F4A-4F4D-81F5-D53A56828C41}"
EndProject
Project("{FAE04EC0-301F-11D3-BF4B-00C04F79EFBC}") = "CustomRenderers.iOS", "CustomRenderers\CustomRenderers.iOS\CustomRenderers.iOS.csproj", "{4EA2BC40-6702-44E4-AFB1-95D925F9C2A2}"
EndProject
Project("{FAE04EC0-301F-11D3-BF4B-00C04F79EFBC}") = "CustomRenderers", "CustomRenderers\CustomRenderers\CustomRenderers.csproj", "{2A37E22F-CA6C-42E2-9759-41BB2E5C2A4E}"
EndProject
Global
	GlobalSection(SolutionConfigurationPlatforms) = preSolution
		Debug|Any CPU = Debug|Any CPU
		Debug|ARM = Debug|ARM
		Debug|iPhone = Debug|iPhone
		Debug|iPhoneSimulator = Debug|iPhoneSimulator
		Debug|x64 = Debug|x64
		Debug|x86 = Debug|x86
		Release|Any CPU = Release|Any CPU
		Release|ARM = Release|ARM
		Release|iPhone = Release|iPhone
		Release|iPhoneSimulator = Release|iPhoneSimulator
		Release|x64 = Release|x64
		Release|x86 = Release|x86
	EndGlobalSection
	GlobalSection(ProjectConfigurationPlatforms) = postSolution
		{6F01F3EE-793A-4707-9564-981AE79219F6}.Debug|Any CPU.ActiveCfg = Debug|x86
		{6F01F3EE-793A-4707-9564-981AE79219F6}.Debug|Any CPU.Build.0 = Debug|x86
		{6F01F3EE-793A-4707-9564-981AE79219F6}.Debug|Any CPU.Deploy.0 = Debug|x86
		{6F01F3EE-793A-4707-9564-981AE79219F6}.Debug|ARM.ActiveCfg = Debug|ARM
		{6F01F3EE-793A-4707-9564-981AE79219F6}.Debug|ARM.Build.0 = Debug|ARM
		{6F01F3EE-793A-4707-9564-981AE79219F6}.Debug|ARM.Deploy.0 = Debug|ARM
		{6F01F3EE-793A-4707-9564-981AE79219F6}.Debug|iPhone.ActiveCfg = Debug|x86
		{6F01F3EE-793A-4707-9564-981AE79219F6}.Debug|iPhone.Build.0 = Debug|x86
		{6F01F3EE-793A-4707-9564-981AE79219F6}.Debug|iPhone.Deploy.0 = Debug|x86
		{6F01F3EE-793A-4707-9564-981AE79219F6}.Debug|iPhoneSimulator.ActiveCfg = Debug|x86
		{6F01F3EE-793A-4707-9564-981AE79219F6}.Debug|iPhoneSimulator.Build.0 = Debug|x86
		{6F01F3EE-793A-4707-9564-981AE79219F6}.Debug|iPhoneSimulator.Deploy.0 = Debug|x86
		{6F01F3EE-793A-4707-9564-981AE79219F6}.Debug|x64.ActiveCfg = Debug|x64
		{6F01F3EE-793A-4707-9564-981AE79219F6}.Debug|x64.Build.0 = Debug|x64
		{6F01F3EE-793A-4707-9564-981AE79219F6}.Debug|x64.Deploy.0 = Debug|x64
		{6F01F3EE-793A-4707-9564-981AE79219F6}.Debug|x86.ActiveCfg = Debug|x86
		{6F01F3EE-793A-4707-9564-981AE79219F6}.Debug|x86.Build.0 = Debug|x86
		{6F01F3EE-793A-4707-9564-981AE79219F6}.Debug|x86.Deploy.0 = Debug|x86
		{6F01F3EE-793A-4707-9564-981AE79219F6}.Release|Any CPU.ActiveCfg = Release|x86
		{6F01F3EE-793A-4707-9564-981AE79219F6}.Release|Any CPU.Build.0 = Release|x86
		{6F01F3EE-793A-4707-9564-981AE79219F6}.Release|Any CPU.Deploy.0 = Release|x86
		{6F01F3EE-793A-4707-9564-981AE79219F6}.Release|ARM.ActiveCfg = Release|ARM
		{6F01F3EE-793A-4707-9564-981AE79219F6}.Release|ARM.Build.0 = Release|ARM
		{6F01F3EE-793A-4707-9564-981AE79219F6}.Release|ARM.Deploy.0 = Release|ARM
		{6F01F3EE-793A-4707-9564-981AE79219F6}.Release|iPhone.ActiveCfg = Release|x86
		{6F01F3EE-793A-4707-9564-981AE79219F6}.Release|iPhone.Build.0 = Release|x86
		{6F01F3EE-793A-4707-9564-981AE79219F6}.Release|iPhone.Deploy.0 = Release|x86
		{6F01F3EE-793A-4707-9564-981AE79219F6}.Release|iPhoneSimulator.ActiveCfg = Release|x86
		{6F01F3EE-793A-4707-9564-981AE79219F6}.Release|iPhoneSimulator.Build.0 = Release|x86
		{6F01F3EE-793A-4707-9564-981AE79219F6}.Release|iPhoneSimulator.Deploy.0 = Release|x86
		{6F01F3EE-793A-4707-9564-981AE79219F6}.Release|x64.ActiveCfg = Release|x64
		{6F01F3EE-793A-4707-9564-981AE79219F6}.Release|x64.Build.0 = Release|x64
		{6F01F3EE-793A-4707-9564-981AE79219F6}.Release|x64.Deploy.0 = Release|x64
		{6F01F3EE-793A-4707-9564-981AE79219F6}.Release|x86.ActiveCfg = Release|x86
		{6F01F3EE-793A-4707-9564-981AE79219F6}.Release|x86.Build.0 = Release|x86
		{6F01F3EE-793A-4707-9564-981AE79219F6}.Release|x86.Deploy.0 = Release|x86
		{E5D12EFF-5F4A-4F4D-81F5-D53A56828C41}.Debug|Any CPU.ActiveCfg = Debug|Any CPU
		{E5D12EFF-5F4A-4F4D-81F5-D53A56828C41}.Debug|Any CPU.Build.0 = Debug|Any CPU
		{E5D12EFF-5F4A-4F4D-81F5-D53A56828C41}.Debug|Any CPU.Deploy.0 = Debug|Any CPU
		{E5D12EFF-5F4A-4F4D-81F5-D53A56828C41}.Debug|ARM.ActiveCfg = Debug|Any CPU
		{E5D12EFF-5F4A-4F4D-81F5-D53A56828C41}.Debug|ARM.Build.0 = Debug|Any CPU
		{E5D12EFF-5F4A-4F4D-81F5-D53A56828C41}.Debug|ARM.Deploy.0 = Debug|Any CPU
		{E5D12EFF-5F4A-4F4D-81F5-D53A56828C41}.Debug|iPhone.ActiveCfg = Debug|Any CPU
		{E5D12EFF-5F4A-4F4D-81F5-D53A56828C41}.Debug|iPhone.Build.0 = Debug|Any CPU
		{E5D12EFF-5F4A-4F4D-81F5-D53A56828C41}.Debug|iPhone.Deploy.0 = Debug|Any CPU
		{E5D12EFF-5F4A-4F4D-81F5-D53A56828C41}.Debug|iPhoneSimulator.ActiveCfg = Debug|Any CPU
		{E5D12EFF-5F4A-4F4D-81F5-D53A56828C41}.Debug|iPhoneSimulator.Build.0 = Debug|Any CPU
		{E5D12EFF-5F4A-4F4D-81F5-D53A56828C41}.Debug|iPhoneSimulator.Deploy.0 = Debug|Any CPU
		{E5D12EFF-5F4A-4F4D-81F5-D53A56828C41}.Debug|x64.ActiveCfg = Debug|Any CPU
		{E5D12EFF-5F4A-4F4D-81F5-D53A56828C41}.Debug|x64.Build.0 = Debug|Any CPU
		{E5D12EFF-5F4A-4F4D-81F5-D53A56828C41}.Debug|x64.Deploy.0 = Debug|Any CPU
		{E5D12EFF-5F4A-4F4D-81F5-D53A56828C41}.Debug|x86.ActiveCfg = Debug|Any CPU
		{E5D12EFF-5F4A-4F4D-81F5-D53A56828C41}.Debug|x86.Build.0 = Debug|Any CPU
		{E5D12EFF-5F4A-4F4D-81F5-D53A56828C41}.Debug|x86.Deploy.0 = Debug|Any CPU
		{E5D12EFF-5F4A-4F4D-81F5-D53A56828C41}.Release|Any CPU.ActiveCfg = Release|Any CPU
		{E5D12EFF-5F4A-4F4D-81F5-D53A56828C41}.Release|Any CPU.Build.0 = Release|Any CPU
		{E5D12EFF-5F4A-4F4D-81F5-D53A56828C41}.Release|Any CPU.Deploy.0 = Release|Any CPU
		{E5D12EFF-5F4A-4F4D-81F5-D53A56828C41}.Release|ARM.ActiveCfg = Release|Any CPU
		{E5D12EFF-5F4A-4F4D-81F5-D53A56828C41}.Release|ARM.Build.0 = Release|Any CPU
		{E5D12EFF-5F4A-4F4D-81F5-D53A56828C41}.Release|ARM.Deploy.0 = Release|Any CPU
		{E5D12EFF-5F4A-4F4D-81F5-D53A56828C41}.Release|iPhone.ActiveCfg = Release|Any CPU
		{E5D12EFF-5F4A-4F4D-81F5-D53A56828C41}.Release|iPhone.Build.0 = Release|Any CPU
		{E5D12EFF-5F4A-4F4D-81F5-D53A56828C41}.Release|iPhone.Deploy.0 = Release|Any CPU
		{E5D12EFF-5F4A-4F4D-81F5-D53A56828C41}.Release|iPhoneSimulator.ActiveCfg = Release|Any CPU
		{E5D12EFF-5F4A-4F4D-81F5-D53A56828C41}.Release|iPhoneSimulator.Build.0 = Release|Any CPU
		{E5D12EFF-5F4A-4F4D-81F5-D53A56828C41}.Release|iPhoneSimulator.Deploy.0 = Release|Any CPU
		{E5D12EFF-5F4A-4F4D-81F5-D53A56828C41}.Release|x64.ActiveCfg = Release|Any CPU
		{E5D12EFF-5F4A-4F4D-81F5-D53A56828C41}.Release|x64.Build.0 = Release|Any CPU
		{E5D12EFF-5F4A-4F4D-81F5-D53A56828C41}.Release|x64.Deploy.0 = Release|Any CPU
		{E5D12EFF-5F4A-4F4D-81F5-D53A56828C41}.Release|x86.ActiveCfg = Release|Any CPU
		{E5D12EFF-5F4A-4F4D-81F5-D53A56828C41}.Release|x86.Build.0 = Release|Any CPU
		{E5D12EFF-5F4A-4F4D-81F5-D53A56828C41}.Release|x86.Deploy.0 = Release|Any CPU
		{4EA2BC40-6702-44E4-AFB1-95D925F9C2A2}.Debug|Any CPU.ActiveCfg = Debug|iPhoneSimulator
		{4EA2BC40-6702-44E4-AFB1-95D925F9C2A2}.Debug|Any CPU.Build.0 = Debug|iPhoneSimulator
		{4EA2BC40-6702-44E4-AFB1-95D925F9C2A2}.Debug|Any CPU.Deploy.0 = Debug|iPhoneSimulator
		{4EA2BC40-6702-44E4-AFB1-95D925F9C2A2}.Debug|ARM.ActiveCfg = Debug|iPhone
		{4EA2BC40-6702-44E4-AFB1-95D925F9C2A2}.Debug|ARM.Build.0 = Debug|iPhone
		{4EA2BC40-6702-44E4-AFB1-95D925F9C2A2}.Debug|ARM.Deploy.0 = Debug|iPhone
		{4EA2BC40-6702-44E4-AFB1-95D925F9C2A2}.Debug|iPhone.ActiveCfg = Debug|iPhone
		{4EA2BC40-6702-44E4-AFB1-95D925F9C2A2}.Debug|iPhone.Build.0 = Debug|iPhone
		{4EA2BC40-6702-44E4-AFB1-95D925F9C2A2}.Debug|iPhone.Deploy.0 = Debug|iPhone
		{4EA2BC40-6702-44E4-AFB1-95D925F9C2A2}.Debug|iPhoneSimulator.ActiveCfg = Debug|iPhoneSimulator
		{4EA2BC40-6702-44E4-AFB1-95D925F9C2A2}.Debug|iPhoneSimulator.Build.0 = Debug|iPhoneSimulator
		{4EA2BC40-6702-44E4-AFB1-95D925F9C2A2}.Debug|iPhoneSimulator.Deploy.0 = Debug|iPhoneSimulator
		{4EA2BC40-6702-44E4-AFB1-95D925F9C2A2}.Debug|x64.ActiveCfg = Debug|iPhoneSimulator
		{4EA2BC40-6702-44E4-AFB1-95D925F9C2A2}.Debug|x64.Build.0 = Debug|iPhoneSimulator
		{4EA2BC40-6702-44E4-AFB1-95D925F9C2A2}.Debug|x64.Deploy.0 = Debug|iPhoneSimulator
		{4EA2BC40-6702-44E4-AFB1-95D925F9C2A2}.Debug|x86.ActiveCfg = Debug|iPhoneSimulator
		{4EA2BC40-6702-44E4-AFB1-95D925F9C2A2}.Debug|x86.Build.0 = Debug|iPhoneSimulator
		{4EA2BC40-6702-44E4-AFB1-95D925F9C2A2}.Debug|x86.Deploy.0 = Debug|iPhoneSimulator
		{4EA2BC40-6702-44E4-AFB1-95D925F9C2A2}.Release|Any CPU.ActiveCfg = Release|iPhoneSimulator
		{4EA2BC40-6702-44E4-AFB1-95D925F9C2A2}.Release|Any CPU.Build.0 = Release|iPhoneSimulator
		{4EA2BC40-6702-44E4-AFB1-95D925F9C2A2}.Release|Any CPU.Deploy.0 = Release|iPhoneSimulator
		{4EA2BC40-6702-44E4-AFB1-95D925F9C2A2}.Release|ARM.ActiveCfg = Release|iPhoneSimulator
		{4EA2BC40-6702-44E4-AFB1-95D925F9C2A2}.Release|ARM.Build.0 = Release|iPhoneSimulator
		{4EA2BC40-6702-44E4-AFB1-95D925F9C2A2}.Release|ARM.Deploy.0 = Release|iPhoneSimulator
		{4EA2BC40-6702-44E4-AFB1-95D925F9C2A2}.Release|iPhone.ActiveCfg = Release|iPhone
		{4EA2BC40-6702-44E4-AFB1-95D925F9C2A2}.Release|iPhone.Build.0 = Release|iPhone
		{4EA2BC40-6702-44E4-AFB1-95D925F9C2A2}.Release|iPhone.Deploy.0 = Release|iPhone
		{4EA2BC40-6702-44E4-AFB1-95D925F9C2A2}.Release|iPhoneSimulator.ActiveCfg = Release|iPhoneSimulator
		{4EA2BC40-6702-44E4-AFB1-95D925F9C2A2}.Release|iPhoneSimulator.Build.0 = Release|iPhoneSimulator
		{4EA2BC40-6702-44E4-AFB1-95D925F9C2A2}.Release|iPhoneSimulator.Deploy.0 = Release|iPhoneSimulator
		{4EA2BC40-6702-44E4-AFB1-95D925F9C2A2}.Release|x64.ActiveCfg = Release|iPhoneSimulator
		{4EA2BC40-6702-44E4-AFB1-95D925F9C2A2}.Release|x64.Build.0 = Release|iPhoneSimulator
		{4EA2BC40-6702-44E4-AFB1-95D925F9C2A2}.Release|x64.Deploy.0 = Release|iPhoneSimulator
		{4EA2BC40-6702-44E4-AFB1-95D925F9C2A2}.Release|x86.ActiveCfg = Release|iPhoneSimulator
		{4EA2BC40-6702-44E4-AFB1-95D925F9C2A2}.Release|x86.Build.0 = Release|iPhoneSimulator
		{4EA2BC40-6702-44E4-AFB1-95D925F9C2A2}.Release|x86.Deploy.0 = Release|iPhoneSimulator
		{2A37E22F-CA6C-42E2-9759-41BB2E5C2A4E}.Debug|Any CPU.ActiveCfg = Debug|Any CPU
		{2A37E22F-CA6C-42E2-9759-41BB2E5C2A4E}.Debug|Any CPU.Build.0 = Debug|Any CPU
		{2A37E22F-CA6C-42E2-9759-41BB2E5C2A4E}.Debug|Any CPU.Deploy.0 = Debug|Any CPU
		{2A37E22F-CA6C-42E2-9759-41BB2E5C2A4E}.Debug|ARM.ActiveCfg = Debug|Any CPU
		{2A37E22F-CA6C-42E2-9759-41BB2E5C2A4E}.Debug|ARM.Build.0 = Debug|Any CPU
		{2A37E22F-CA6C-42E2-9759-41BB2E5C2A4E}.Debug|ARM.Deploy.0 = Debug|Any CPU
		{2A37E22F-CA6C-42E2-9759-41BB2E5C2A4E}.Debug|iPhone.ActiveCfg = Debug|Any CPU
		{2A37E22F-CA6C-42E2-9759-41BB2E5C2A4E}.Debug|iPhone.Build.0 = Debug|Any CPU
		{2A37E22F-CA6C-42E2-9759-41BB2E5C2A4E}.Debug|iPhone.Deploy.0 = Debug|Any CPU
		{2A37E22F-CA6C-42E2-9759-41BB2E5C2A4E}.Debug|iPhoneSimulator.ActiveCfg = Debug|Any CPU
		{2A37E22F-CA6C-42E2-9759-41BB2E5C2A4E}.Debug|iPhoneSimulator.Build.0 = Debug|Any CPU
		{2A37E22F-CA6C-42E2-9759-41BB2E5C2A4E}.Debug|iPhoneSimulator.Deploy.0 = Debug|Any CPU
		{2A37E22F-CA6C-42E2-9759-41BB2E5C2A4E}.Debug|x64.ActiveCfg = Debug|Any CPU
		{2A37E22F-CA6C-42E2-9759-41BB2E5C2A4E}.Debug|x64.Build.0 = Debug|Any CPU
		{2A37E22F-CA6C-42E2-9759-41BB2E5C2A4E}.Debug|x64.Deploy.0 = Debug|Any CPU
		{2A37E22F-CA6C-42E2-9759-41BB2E5C2A4E}.Debug|x86.ActiveCfg = Debug|Any CPU
		{2A37E22F-CA6C-42E2-9759-41BB2E5C2A4E}.Debug|x86.Build.0 = Debug|Any CPU
		{2A37E22F-CA6C-42E2-9759-41BB2E5C2A4E}.Debug|x86.Deploy.0 = Debug|Any CPU
		{2A37E22F-CA6C-42E2-9759-41BB2E5C2A4E}.Release|Any CPU.ActiveCfg = Release|Any CPU
		{2A37E22F-CA6C-42E2-9759-41BB2E5C2A4E}.Release|Any CPU.Build.0 = Release|Any CPU
		{2A37E22F-CA6C-42E2-9759-41BB2E5C2A4E}.Release|Any CPU.Deploy.0 = Release|Any CPU
		{2A37E22F-CA6C-42E2-9759-41BB2E5C2A4E}.Release|ARM.ActiveCfg = Release|Any CPU
		{2A37E22F-CA6C-42E2-9759-41BB2E5C2A4E}.Release|ARM.Build.0 = Release|Any CPU
		{2A37E22F-CA6C-42E2-9759-41BB2E5C2A4E}.Release|ARM.Deploy.0 = Release|Any CPU
		{2A37E22F-CA6C-42E2-9759-41BB2E5C2A4E}.Release|iPhone.ActiveCfg = Release|Any CPU
		{2A37E22F-CA6C-42E2-9759-41BB2E5C2A4E}.Release|iPhone.Build.0 = Release|Any CPU
		{2A37E22F-CA6C-42E2-9759-41BB2E5C2A4E}.Release|iPhone.Deploy.0 = Release|Any CPU
		{2A37E22F-CA6C-42E2-9759-41BB2E5C2A4E}.Release|iPhoneSimulator.ActiveCfg = Release|Any CPU
		{2A37E22F-CA6C-42E2-9759-41BB2E5C2A4E}.Release|iPhoneSimulator.Build.0 = Release|Any CPU
		{2A37E22F-CA6C-42E2-9759-41BB2E5C2A4E}.Release|iPhoneSimulator.Deploy.0 = Release|Any CPU
		{2A37E22F-CA6C-42E2-9759-41BB2E5C2A4E}.Release|x64.ActiveCfg = Release|Any CPU
		{2A37E22F-CA6C-42E2-9759-41BB2E5C2A4E}.Release|x64.Build.0 = Release|Any CPU
		{2A37E22F-CA6C-42E2-9759-41BB2E5C2A4E}.Release|x64.Deploy.0 = Release|Any CPU
		{2A37E22F-CA6C-42E2-9759-41BB2E5C2A4E}.Release|x86.ActiveCfg = Release|Any CPU
		{2A37E22F-CA6C-42E2-9759-41BB2E5C2A4E}.Release|x86.Build.0 = Release|Any CPU
		{2A37E22F-CA6C-42E2-9759-41BB2E5C2A4E}.Release|x86.Deploy.0 = Release|Any CPU
	EndGlobalSection
	GlobalSection(SolutionProperties) = preSolution
		HideSolutionNode = FALSE
	EndGlobalSection
	GlobalSection(ExtensibilityGlobals) = postSolution
		SolutionGuid = {C1A8AD51-BD1A-4438-8BE4-1D8CEF089F8D}
	EndGlobalSection
EndGlobal
